<?xml version="1.0" encoding="utf-8"?>
<Project ToolsVersion="4.0" xmlns="http://schemas.microsoft.com/developer/msbuild/2003">
  <ItemGroup>
    <Filter Include="Fichiers sources">
      <UniqueIdentifier>{4FC737F1-C7A5-4376-A066-2A32D752A2FF}</UniqueIdentifier>
      <Extensions>cpp;c;cc;cxx;def;odl;idl;hpj;bat;asm;asmx</Extensions>
    </Filter>
    <Filter Include="Fichiers d%27en-tête">
      <UniqueIdentifier>{93995380-89BD-4b04-88EB-625FBE52EBFB}</UniqueIdentifier>
      <Extensions>h;hh;hpp;hxx;hm;inl;inc;xsd</Extensions>
    </Filter>
    <Filter Include="Fichiers de ressources">
      <UniqueIdentifier>{67DA6AB6-F800-4c08-8B7A-83BB121AAD01}</UniqueIdentifier>
      <Extensions>rc;ico;cur;bmp;dlg;rc2;rct;bin;rgs;gif;jpg;jpeg;jpe;resx;tiff;tif;png;wav;mfcribbon-ms</Extensions>
    </Filter>
    <Filter Include="Fichiers de ressources\Conf">
      <UniqueIdentifier>{39280082-a455-4bc1-bb21-eeaf6a03d1eb}</UniqueIdentifier>
    </Filter>
    <Filter Include="Fichiers de ressources\FX-XML">
      <UniqueIdentifier>{9b673ed9-2b9a-471c-b607-bb1d5078ba97}</UniqueIdentifier>
    </Filter>
    <Filter Include="Fichiers de ressources\FX">
      <UniqueIdentifier>{bb7aff98-0473-4a4f-9d7f-f1538ea9f8d8}</UniqueIdentifier>
    </Filter>
  </ItemGroup>
  <ItemGroup>
    <ClCompile Include="Texture.cc">
      <Filter>Fichiers sources</Filter>
    </ClCompile>
    <ClCompile Include="Application.cc">
      <Filter>Fichiers sources</Filter>
    </ClCompile>
    <ClCompile Include="Camera.cc">
      <Filter>Fichiers sources</Filter>
    </ClCompile>
    <ClCompile Include="Direct3D.cc">
      <Filter>Fichiers sources</Filter>
    </ClCompile>
    <ClCompile Include="Font.cc">
      <Filter>Fichiers sources</Filter>
    </ClCompile>
    <ClCompile Include="Shader.cc">
      <Filter>Fichiers sources</Filter>
    </ClCompile>
    <ClCompile Include="Timer.cc">
      <Filter>Fichiers sources</Filter>
    </ClCompile>
    <ClCompile Include="XML.cc">
      <Filter>Fichiers sources</Filter>
    </ClCompile>
    <ClCompile Include="main.cc">
      <Filter>Fichiers sources</Filter>
    </ClCompile>
    <ClCompile Include="Window.cc">
      <Filter>Fichiers sources</Filter>
    </ClCompile>
    <ClCompile Include="Input.cc">
      <Filter>Fichiers sources</Filter>
    </ClCompile>
    <ClCompile Include="Material.cc">
      <Filter>Fichiers sources</Filter>
    </ClCompile>
    <ClCompile Include="M3DLoader.cc">
      <Filter>Fichiers sources</Filter>
    </ClCompile>
    <ClCompile Include="WorldInfo.cc">
      <Filter>Fichiers sources</Filter>
    </ClCompile>
    <ClCompile Include="Light.cc">
      <Filter>Fichiers sources</Filter>
    </ClCompile>
    <ClCompile Include="ObjLoader.cc">
      <Filter>Fichiers sources</Filter>
    </ClCompile>
    <ClCompile Include="Animation.cc">
      <Filter>Fichiers sources</Filter>
    </ClCompile>
  </ItemGroup>
  <ItemGroup>
    <ClInclude Include="Application.hh">
      <Filter>Fichiers d%27en-tête</Filter>
    </ClInclude>
    <ClInclude Include="Camera.hh">
      <Filter>Fichiers d%27en-tête</Filter>
    </ClInclude>
    <ClInclude Include="Direct3D.hh">
      <Filter>Fichiers d%27en-tête</Filter>
    </ClInclude>
    <ClInclude Include="Font.hh">
      <Filter>Fichiers d%27en-tête</Filter>
    </ClInclude>
    <ClInclude Include="Shader.hh">
      <Filter>Fichiers d%27en-tête</Filter>
    </ClInclude>
    <ClInclude Include="Singleton.hh">
      <Filter>Fichiers d%27en-tête</Filter>
    </ClInclude>
    <ClInclude Include="Texture.hh">
      <Filter>Fichiers d%27en-tête</Filter>
    </ClInclude>
    <ClInclude Include="Timer.hh">
      <Filter>Fichiers d%27en-tête</Filter>
    </ClInclude>
    <ClInclude Include="XML.hh">
      <Filter>Fichiers d%27en-tête</Filter>
    </ClInclude>
    <ClInclude Include="Window.hh">
      <Filter>Fichiers d%27en-tête</Filter>
    </ClInclude>
    <ClInclude Include="Input.hh">
      <Filter>Fichiers d%27en-tête</Filter>
    </ClInclude>
    <ClInclude Include="Material.hh">
      <Filter>Fichiers d%27en-tête</Filter>
    </ClInclude>
    <ClInclude Include="Mesh.hh">
      <Filter>Fichiers d%27en-tête</Filter>
    </ClInclude>
    <ClInclude Include="M3DLoader.hh">
      <Filter>Fichiers d%27en-tête</Filter>
    </ClInclude>
    <ClInclude Include="WorldInfo.hh">
      <Filter>Fichiers d%27en-tête</Filter>
    </ClInclude>
    <ClInclude Include="Light.hh">
      <Filter>Fichiers d%27en-tête</Filter>
    </ClInclude>
    <ClInclude Include="ObjLoader.hh">
      <Filter>Fichiers d%27en-tête</Filter>
    </ClInclude>
    <ClInclude Include="Animation.hh">
      <Filter>Fichiers d%27en-tête</Filter>
    </ClInclude>
  </ItemGroup>
  <ItemGroup>
    <None Include="Resources\conf\test.conf">
      <Filter>Fichiers de ressources\Conf</Filter>
    </None>
    <None Include="Resources\FX\Light.fx">
      <Filter>Fichiers de ressources\FX</Filter>
    </None>
  </ItemGroup>
  <ItemGroup>
    <Xml Include="Resources\FX-XML\skinning.xml">
      <Filter>Fichiers de ressources\FX-XML</Filter>
    </Xml>
    <Xml Include="Resources\FX-XML\Light.xml">
      <Filter>Fichiers de ressources\FX-XML</Filter>
    </Xml>
  </ItemGroup>
  <ItemGroup>
    <CustomBuild Include="Resources\FX\Skinning.fx">
      <Filter>Fichiers de ressources\FX</Filter>
    </CustomBuild>
  </ItemGroup>
</Project>